
Microsoft Visual Studio Solution File, Format Version 12.00
# Visual Studio Version 17
VisualStudioVersion = 17.7.34202.233
MinimumVisualStudioVersion = 10.0.40219.1
Project("{FAE04EC0-301F-11D3-BF4B-00C04F79EFBC}") = "Lab5CloudServices", "Lab5CloudServices\Lab5CloudServices.csproj", "{B2B82592-7AF1-4D65-91F8-3135D7F78C7E}"
EndProject
Global
	GlobalSection(SolutionConfigurationPlatforms) = preSolution
		Debug|Any CPU = Debug|Any CPU
		Release|Any CPU = Release|Any CPU
	EndGlobalSection
	GlobalSection(ProjectConfigurationPlatforms) = postSolution
		{B2B82592-7AF1-4D65-91F8-3135D7F78C7E}.Debug|Any CPU.ActiveCfg = Debug|Any CPU
		{B2B82592-7AF1-4D65-91F8-3135D7F78C7E}.Debug|Any CPU.Build.0 = Debug|Any CPU
		{B2B82592-7AF1-4D65-91F8-3135D7F78C7E}.Release|Any CPU.ActiveCfg = Release|Any CPU
		{B2B82592-7AF1-4D65-91F8-3135D7F78C7E}.Release|Any CPU.Build.0 = Release|Any CPU
	EndGlobalSection
	GlobalSection(SolutionProperties) = preSolution
		HideSolutionNode = FALSE
	EndGlobalSection
	GlobalSection(ExtensibilityGlobals) = postSolution
		SolutionGuid = {D398EA5A-0CB0-477B-8E1C-FF4FF0395E8E}
	EndGlobalSection
EndGlobal
